
Microsoft Visual Studio Solution File, Format Version 12.00
# Visual Studio Version 16
VisualStudioVersion = 16.0.30320.27
MinimumVisualStudioVersion = 10.0.40219.1
Project("{9A19103F-16F7-4668-BE54-9A1E7A4F7556}") = "Testrong.User.Program", "Testrong.User.Program.csproj", "{E96B1A19-D109-4F67-B1AA-5BF15E580D77}"
EndProject
Global
	GlobalSection(SolutionConfigurationPlatforms) = preSolution
		Debug|Any CPU = Debug|Any CPU
		Debug|x64 = Debug|x64
		Release|Any CPU = Release|Any CPU
		Release|x64 = Release|x64
	EndGlobalSection
	GlobalSection(ProjectConfigurationPlatforms) = postSolution
		{E96B1A19-D109-4F67-B1AA-5BF15E580D77}.Debug|Any CPU.ActiveCfg = Debug|Any CPU
		{E96B1A19-D109-4F67-B1AA-5BF15E580D77}.Debug|Any CPU.Build.0 = Debug|Any CPU
		{E96B1A19-D109-4F67-B1AA-5BF15E580D77}.Debug|x64.ActiveCfg = Debug|Any CPU
		{E96B1A19-D109-4F67-B1AA-5BF15E580D77}.Debug|x64.Build.0 = Debug|Any CPU
		{E96B1A19-D109-4F67-B1AA-5BF15E580D77}.Release|Any CPU.ActiveCfg = Release|Any CPU
		{E96B1A19-D109-4F67-B1AA-5BF15E580D77}.Release|Any CPU.Build.0 = Release|Any CPU
		{E96B1A19-D109-4F67-B1AA-5BF15E580D77}.Release|x64.ActiveCfg = Release|Any CPU
		{E96B1A19-D109-4F67-B1AA-5BF15E580D77}.Release|x64.Build.0 = Release|Any CPU
	EndGlobalSection
	GlobalSection(SolutionProperties) = preSolution
		HideSolutionNode = FALSE
	EndGlobalSection
	GlobalSection(ExtensibilityGlobals) = postSolution
		SolutionGuid = {5A5D2543-2302-4898-81F8-06AE425F94CF}
	EndGlobalSection
EndGlobal
